{
  "version": 4,
  "terraform_version": "1.1.7",
  "serial": 11,
  "lineage": "cb958fee-df81-5266-8ee4-7cdf16f5b5d0",
  "outputs": {},
  "resources": [
    {
      "mode": "managed",
      "type": "google_cloud_run_service",
      "name": "service",
      "provider": "provider[\"registry.terraform.io/hashicorp/google-beta\"]",
      "instances": [
        {
          "index_key": "asia-south1",
          "status": "tainted",
          "schema_version": 1,
          "attributes": {
            "autogenerate_revision_name": false,
            "id": "locations/asia-south1/namespaces/outfit7-362408/services/service-asia-south1",
            "location": "asia-south1",
            "metadata": null,
            "name": "service-asia-south1",
            "project": null,
            "status": null,
            "template": [
              {
                "metadata": [],
                "spec": [
                  {
                    "container_concurrency": 0,
                    "containers": [
                      {
                        "args": null,
                        "command": null,
                        "env": [],
                        "env_from": [],
                        "image": "europe-west3-docker.pkg.dev/outfit7-362408/docker-test-repository/flask-app:latest",
                        "ports": [],
                        "resources": [],
                        "volume_mounts": [],
                        "working_dir": ""
                      }
                    ],
                    "service_account_name": "",
                    "serving_state": "",
                    "timeout_seconds": 0,
                    "volumes": []
                  }
                ]
              }
            ],
            "timeouts": null,
            "traffic": null
          },
          "sensitive_attributes": [],
          "private": "eyJlMmJmYjczMC1lY2FhLTExZTYtOGY4OC0zNDM2M2JjN2M0YzAiOnsiY3JlYXRlIjoxMjAwMDAwMDAwMDAwLCJkZWxldGUiOjEyMDAwMDAwMDAwMDAsInVwZGF0ZSI6MTIwMDAwMDAwMDAwMH0sInNjaGVtYV92ZXJzaW9uIjoiMSJ9"
        },
        {
          "index_key": "europe-west4",
          "status": "tainted",
          "schema_version": 1,
          "attributes": {
            "autogenerate_revision_name": false,
            "id": "locations/europe-west4/namespaces/outfit7-362408/services/service-europe-west4",
            "location": "europe-west4",
            "metadata": null,
            "name": "service-europe-west4",
            "project": null,
            "status": null,
            "template": [
              {
                "metadata": [],
                "spec": [
                  {
                    "container_concurrency": 0,
                    "containers": [
                      {
                        "args": null,
                        "command": null,
                        "env": [],
                        "env_from": [],
                        "image": "europe-west3-docker.pkg.dev/outfit7-362408/docker-test-repository/flask-app:latest",
                        "ports": [],
                        "resources": [],
                        "volume_mounts": [],
                        "working_dir": ""
                      }
                    ],
                    "service_account_name": "",
                    "serving_state": "",
                    "timeout_seconds": 0,
                    "volumes": []
                  }
                ]
              }
            ],
            "timeouts": null,
            "traffic": null
          },
          "sensitive_attributes": [],
          "private": "eyJlMmJmYjczMC1lY2FhLTExZTYtOGY4OC0zNDM2M2JjN2M0YzAiOnsiY3JlYXRlIjoxMjAwMDAwMDAwMDAwLCJkZWxldGUiOjEyMDAwMDAwMDAwMDAsInVwZGF0ZSI6MTIwMDAwMDAwMDAwMH0sInNjaGVtYV92ZXJzaW9uIjoiMSJ9"
        },
        {
          "index_key": "us-west2",
          "status": "tainted",
          "schema_version": 1,
          "attributes": {
            "autogenerate_revision_name": false,
            "id": "locations/us-west2/namespaces/outfit7-362408/services/service-us-west2",
            "location": "us-west2",
            "metadata": null,
            "name": "service-us-west2",
            "project": null,
            "status": null,
            "template": [
              {
                "metadata": [],
                "spec": [
                  {
                    "container_concurrency": 0,
                    "containers": [
                      {
                        "args": null,
                        "command": null,
                        "env": [],
                        "env_from": [],
                        "image": "europe-west3-docker.pkg.dev/outfit7-362408/docker-test-repository/flask-app:latest",
                        "ports": [],
                        "resources": [],
                        "volume_mounts": [],
                        "working_dir": ""
                      }
                    ],
                    "service_account_name": "",
                    "serving_state": "",
                    "timeout_seconds": 0,
                    "volumes": []
                  }
                ]
              }
            ],
            "timeouts": null,
            "traffic": null
          },
          "sensitive_attributes": [],
          "private": "eyJlMmJmYjczMC1lY2FhLTExZTYtOGY4OC0zNDM2M2JjN2M0YzAiOnsiY3JlYXRlIjoxMjAwMDAwMDAwMDAwLCJkZWxldGUiOjEyMDAwMDAwMDAwMDAsInVwZGF0ZSI6MTIwMDAwMDAwMDAwMH0sInNjaGVtYV92ZXJzaW9uIjoiMSJ9"
        }
      ]
    }
  ]
}
