{
  "version": 4,
  "terraform_version": "1.1.7",
  "serial": 30,
  "lineage": "cb958fee-df81-5266-8ee4-7cdf16f5b5d0",
  "outputs": {
    "static_ip": {
      "value": "34.98.94.214",
      "type": "string"
    }
  },
  "resources": [
    {
      "mode": "data",
      "type": "google_iam_policy",
      "name": "noauth",
      "provider": "provider[\"registry.terraform.io/hashicorp/google-beta\"]",
      "instances": [
        {
          "schema_version": 0,
          "attributes": {
            "audit_config": null,
            "binding": [
              {
                "condition": [],
                "members": [
                  "allUsers"
                ],
                "role": "roles/run.invoker"
              }
            ],
            "id": "844111882",
            "policy_data": "{\"bindings\":[{\"members\":[\"allUsers\"],\"role\":\"roles/run.invoker\"}]}"
          },
          "sensitive_attributes": []
        }
      ]
    },
    {
      "mode": "managed",
      "type": "google_cloud_run_service",
      "name": "service",
      "provider": "provider[\"registry.terraform.io/hashicorp/google-beta\"]",
      "instances": [
        {
          "index_key": "asia-south1",
          "schema_version": 1,
          "attributes": {
            "autogenerate_revision_name": false,
            "id": "locations/asia-south1/namespaces/outfit7-362408/services/service-asia-south1",
            "location": "asia-south1",
            "metadata": [
              {
                "annotations": {
                  "run.googleapis.com/ingress": "all",
                  "run.googleapis.com/ingress-status": "all",
                  "serving.knative.dev/creator": "infrastructure@outfit7-362408.iam.gserviceaccount.com",
                  "serving.knative.dev/lastModifier": "infrastructure@outfit7-362408.iam.gserviceaccount.com"
                },
                "generation": 1,
                "labels": {
                  "cloud.googleapis.com/location": "asia-south1"
                },
                "namespace": "outfit7-362408",
                "resource_version": "AAXoknw2RDk",
                "self_link": "/apis/serving.knative.dev/v1/namespaces/558552271425/services/service-asia-south1",
                "uid": "0cbd86e6-f5b7-48e5-9836-17afa608356f"
              }
            ],
            "name": "service-asia-south1",
            "project": "outfit7-362408",
            "status": [
              {
                "conditions": [
                  {
                    "message": "",
                    "reason": "",
                    "status": "True",
                    "type": "Ready"
                  },
                  {
                    "message": "",
                    "reason": "",
                    "status": "True",
                    "type": "ConfigurationsReady"
                  },
                  {
                    "message": "",
                    "reason": "",
                    "status": "True",
                    "type": "RoutesReady"
                  }
                ],
                "latest_created_revision_name": "service-asia-south1-w4mc6",
                "latest_ready_revision_name": "service-asia-south1-w4mc6",
                "observed_generation": 1,
                "url": "https://service-asia-south1-duqhhqe6xq-el.a.run.app"
              }
            ],
            "template": [
              {
                "metadata": [
                  {
                    "annotations": {
                      "autoscaling.knative.dev/maxScale": "100"
                    },
                    "generation": 0,
                    "labels": {},
                    "name": "",
                    "namespace": "",
                    "resource_version": "",
                    "self_link": "",
                    "uid": ""
                  }
                ],
                "spec": [
                  {
                    "container_concurrency": 80,
                    "containers": [
                      {
                        "args": null,
                        "command": null,
                        "env": [],
                        "env_from": [],
                        "image": "europe-west3-docker.pkg.dev/outfit7-362408/docker-test-repository/flask-app:latest",
                        "ports": [
                          {
                            "container_port": 8080,
                            "name": "http1",
                            "protocol": ""
                          }
                        ],
                        "resources": [
                          {
                            "limits": {
                              "cpu": "1000m",
                              "memory": "512Mi"
                            },
                            "requests": {}
                          }
                        ],
                        "volume_mounts": [],
                        "working_dir": ""
                      }
                    ],
                    "service_account_name": "558552271425-compute@developer.gserviceaccount.com",
                    "serving_state": "",
                    "timeout_seconds": 300,
                    "volumes": []
                  }
                ]
              }
            ],
            "timeouts": null,
            "traffic": [
              {
                "latest_revision": true,
                "percent": 100,
                "revision_name": "",
                "tag": "",
                "url": ""
              }
            ]
          },
          "sensitive_attributes": [],
          "private": "eyJlMmJmYjczMC1lY2FhLTExZTYtOGY4OC0zNDM2M2JjN2M0YzAiOnsiY3JlYXRlIjoxMjAwMDAwMDAwMDAwLCJkZWxldGUiOjEyMDAwMDAwMDAwMDAsInVwZGF0ZSI6MTIwMDAwMDAwMDAwMH0sInNjaGVtYV92ZXJzaW9uIjoiMSJ9"
        },
        {
          "index_key": "europe-west4",
          "schema_version": 1,
          "attributes": {
            "autogenerate_revision_name": false,
            "id": "locations/europe-west4/namespaces/outfit7-362408/services/service-europe-west4",
            "location": "europe-west4",
            "metadata": [
              {
                "annotations": {
                  "run.googleapis.com/ingress": "all",
                  "run.googleapis.com/ingress-status": "all",
                  "serving.knative.dev/creator": "infrastructure@outfit7-362408.iam.gserviceaccount.com",
                  "serving.knative.dev/lastModifier": "infrastructure@outfit7-362408.iam.gserviceaccount.com"
                },
                "generation": 1,
                "labels": {
                  "cloud.googleapis.com/location": "europe-west4"
                },
                "namespace": "outfit7-362408",
                "resource_version": "AAXoknwWml8",
                "self_link": "/apis/serving.knative.dev/v1/namespaces/558552271425/services/service-europe-west4",
                "uid": "72c01f2e-cc2a-4335-a7ab-c09094667b2e"
              }
            ],
            "name": "service-europe-west4",
            "project": "outfit7-362408",
            "status": [
              {
                "conditions": [
                  {
                    "message": "",
                    "reason": "",
                    "status": "True",
                    "type": "Ready"
                  },
                  {
                    "message": "",
                    "reason": "",
                    "status": "True",
                    "type": "ConfigurationsReady"
                  },
                  {
                    "message": "",
                    "reason": "",
                    "status": "True",
                    "type": "RoutesReady"
                  }
                ],
                "latest_created_revision_name": "service-europe-west4-dkmf9",
                "latest_ready_revision_name": "service-europe-west4-dkmf9",
                "observed_generation": 1,
                "url": "https://service-europe-west4-duqhhqe6xq-ez.a.run.app"
              }
            ],
            "template": [
              {
                "metadata": [
                  {
                    "annotations": {
                      "autoscaling.knative.dev/maxScale": "100"
                    },
                    "generation": 0,
                    "labels": {},
                    "name": "",
                    "namespace": "",
                    "resource_version": "",
                    "self_link": "",
                    "uid": ""
                  }
                ],
                "spec": [
                  {
                    "container_concurrency": 80,
                    "containers": [
                      {
                        "args": null,
                        "command": null,
                        "env": [],
                        "env_from": [],
                        "image": "europe-west3-docker.pkg.dev/outfit7-362408/docker-test-repository/flask-app:latest",
                        "ports": [
                          {
                            "container_port": 8080,
                            "name": "http1",
                            "protocol": ""
                          }
                        ],
                        "resources": [
                          {
                            "limits": {
                              "cpu": "1000m",
                              "memory": "512Mi"
                            },
                            "requests": {}
                          }
                        ],
                        "volume_mounts": [],
                        "working_dir": ""
                      }
                    ],
                    "service_account_name": "558552271425-compute@developer.gserviceaccount.com",
                    "serving_state": "",
                    "timeout_seconds": 300,
                    "volumes": []
                  }
                ]
              }
            ],
            "timeouts": null,
            "traffic": [
              {
                "latest_revision": true,
                "percent": 100,
                "revision_name": "",
                "tag": "",
                "url": ""
              }
            ]
          },
          "sensitive_attributes": [],
          "private": "eyJlMmJmYjczMC1lY2FhLTExZTYtOGY4OC0zNDM2M2JjN2M0YzAiOnsiY3JlYXRlIjoxMjAwMDAwMDAwMDAwLCJkZWxldGUiOjEyMDAwMDAwMDAwMDAsInVwZGF0ZSI6MTIwMDAwMDAwMDAwMH0sInNjaGVtYV92ZXJzaW9uIjoiMSJ9"
        },
        {
          "index_key": "us-west2",
          "schema_version": 1,
          "attributes": {
            "autogenerate_revision_name": false,
            "id": "locations/us-west2/namespaces/outfit7-362408/services/service-us-west2",
            "location": "us-west2",
            "metadata": [
              {
                "annotations": {
                  "run.googleapis.com/ingress": "all",
                  "run.googleapis.com/ingress-status": "all",
                  "serving.knative.dev/creator": "infrastructure@outfit7-362408.iam.gserviceaccount.com",
                  "serving.knative.dev/lastModifier": "infrastructure@outfit7-362408.iam.gserviceaccount.com"
                },
                "generation": 1,
                "labels": {
                  "cloud.googleapis.com/location": "us-west2"
                },
                "namespace": "outfit7-362408",
                "resource_version": "AAXoknw3mKo",
                "self_link": "/apis/serving.knative.dev/v1/namespaces/558552271425/services/service-us-west2",
                "uid": "4397dc5e-27d9-4bab-80f7-60613bc2a2c1"
              }
            ],
            "name": "service-us-west2",
            "project": "outfit7-362408",
            "status": [
              {
                "conditions": [
                  {
                    "message": "",
                    "reason": "",
                    "status": "True",
                    "type": "Ready"
                  },
                  {
                    "message": "",
                    "reason": "",
                    "status": "True",
                    "type": "ConfigurationsReady"
                  },
                  {
                    "message": "",
                    "reason": "",
                    "status": "True",
                    "type": "RoutesReady"
                  }
                ],
                "latest_created_revision_name": "service-us-west2-7746m",
                "latest_ready_revision_name": "service-us-west2-7746m",
                "observed_generation": 1,
                "url": "https://service-us-west2-duqhhqe6xq-wl.a.run.app"
              }
            ],
            "template": [
              {
                "metadata": [
                  {
                    "annotations": {
                      "autoscaling.knative.dev/maxScale": "100"
                    },
                    "generation": 0,
                    "labels": {},
                    "name": "",
                    "namespace": "",
                    "resource_version": "",
                    "self_link": "",
                    "uid": ""
                  }
                ],
                "spec": [
                  {
                    "container_concurrency": 80,
                    "containers": [
                      {
                        "args": null,
                        "command": null,
                        "env": [],
                        "env_from": [],
                        "image": "europe-west3-docker.pkg.dev/outfit7-362408/docker-test-repository/flask-app:latest",
                        "ports": [
                          {
                            "container_port": 8080,
                            "name": "http1",
                            "protocol": ""
                          }
                        ],
                        "resources": [
                          {
                            "limits": {
                              "cpu": "1000m",
                              "memory": "512Mi"
                            },
                            "requests": {}
                          }
                        ],
                        "volume_mounts": [],
                        "working_dir": ""
                      }
                    ],
                    "service_account_name": "558552271425-compute@developer.gserviceaccount.com",
                    "serving_state": "",
                    "timeout_seconds": 300,
                    "volumes": []
                  }
                ]
              }
            ],
            "timeouts": null,
            "traffic": [
              {
                "latest_revision": true,
                "percent": 100,
                "revision_name": "",
                "tag": "",
                "url": ""
              }
            ]
          },
          "sensitive_attributes": [],
          "private": "eyJlMmJmYjczMC1lY2FhLTExZTYtOGY4OC0zNDM2M2JjN2M0YzAiOnsiY3JlYXRlIjoxMjAwMDAwMDAwMDAwLCJkZWxldGUiOjEyMDAwMDAwMDAwMDAsInVwZGF0ZSI6MTIwMDAwMDAwMDAwMH0sInNjaGVtYV92ZXJzaW9uIjoiMSJ9"
        }
      ]
    },
    {
      "mode": "managed",
      "type": "google_cloud_run_service_iam_policy",
      "name": "noauth",
      "provider": "provider[\"registry.terraform.io/hashicorp/google-beta\"]",
      "instances": [
        {
          "index_key": "asia-south1",
          "schema_version": 0,
          "attributes": {
            "etag": "BwXoknykBYE=",
            "id": "v1/projects/outfit7-362408/locations/asia-south1/services/service-asia-south1",
            "location": "asia-south1",
            "policy_data": "{\"bindings\":[{\"members\":[\"allUsers\"],\"role\":\"roles/run.invoker\"}]}",
            "project": "outfit7-362408",
            "service": "v1/projects/outfit7-362408/locations/asia-south1/services/service-asia-south1"
          },
          "sensitive_attributes": [],
          "private": "bnVsbA==",
          "dependencies": [
            "data.google_iam_policy.noauth",
            "google_cloud_run_service.service"
          ]
        },
        {
          "index_key": "europe-west4",
          "schema_version": 0,
          "attributes": {
            "etag": "BwXoknyHCcQ=",
            "id": "v1/projects/outfit7-362408/locations/europe-west4/services/service-europe-west4",
            "location": "europe-west4",
            "policy_data": "{\"bindings\":[{\"members\":[\"allUsers\"],\"role\":\"roles/run.invoker\"}]}",
            "project": "outfit7-362408",
            "service": "v1/projects/outfit7-362408/locations/europe-west4/services/service-europe-west4"
          },
          "sensitive_attributes": [],
          "private": "bnVsbA==",
          "dependencies": [
            "data.google_iam_policy.noauth",
            "google_cloud_run_service.service"
          ]
        },
        {
          "index_key": "us-west2",
          "schema_version": 0,
          "attributes": {
            "etag": "BwXoknyFwog=",
            "id": "v1/projects/outfit7-362408/locations/us-west2/services/service-us-west2",
            "location": "us-west2",
            "policy_data": "{\"bindings\":[{\"members\":[\"allUsers\"],\"role\":\"roles/run.invoker\"}]}",
            "project": "outfit7-362408",
            "service": "v1/projects/outfit7-362408/locations/us-west2/services/service-us-west2"
          },
          "sensitive_attributes": [],
          "private": "bnVsbA==",
          "dependencies": [
            "data.google_iam_policy.noauth",
            "google_cloud_run_service.service"
          ]
        }
      ]
    },
    {
      "mode": "managed",
      "type": "google_compute_backend_service",
      "name": "backend",
      "provider": "provider[\"registry.terraform.io/hashicorp/google-beta\"]",
      "instances": [
        {
          "schema_version": 1,
          "attributes": {
            "affinity_cookie_ttl_sec": 0,
            "backend": [
              {
                "balancing_mode": "UTILIZATION",
                "capacity_scaler": 1,
                "description": "",
                "group": "https://www.googleapis.com/compute/v1/projects/outfit7-362408/regions/asia-south1/networkEndpointGroups/neg-asia-south1",
                "max_connections": 0,
                "max_connections_per_endpoint": 0,
                "max_connections_per_instance": 0,
                "max_rate": 0,
                "max_rate_per_endpoint": 0,
                "max_rate_per_instance": 0,
                "max_utilization": 0
              },
              {
                "balancing_mode": "UTILIZATION",
                "capacity_scaler": 1,
                "description": "",
                "group": "https://www.googleapis.com/compute/v1/projects/outfit7-362408/regions/europe-west4/networkEndpointGroups/neg-europe-west4",
                "max_connections": 0,
                "max_connections_per_endpoint": 0,
                "max_connections_per_instance": 0,
                "max_rate": 0,
                "max_rate_per_endpoint": 0,
                "max_rate_per_instance": 0,
                "max_utilization": 0
              },
              {
                "balancing_mode": "UTILIZATION",
                "capacity_scaler": 1,
                "description": "",
                "group": "https://www.googleapis.com/compute/v1/projects/outfit7-362408/regions/us-west2/networkEndpointGroups/neg-us-west2",
                "max_connections": 0,
                "max_connections_per_endpoint": 0,
                "max_connections_per_instance": 0,
                "max_rate": 0,
                "max_rate_per_endpoint": 0,
                "max_rate_per_instance": 0,
                "max_utilization": 0
              }
            ],
            "cdn_policy": [],
            "circuit_breakers": [],
            "connection_draining_timeout_sec": 300,
            "consistent_hash": [],
            "creation_timestamp": "2022-09-13T10:39:11.443-07:00",
            "custom_request_headers": null,
            "custom_response_headers": null,
            "description": "",
            "enable_cdn": false,
            "fingerprint": "d3UhJBxqkAc=",
            "health_checks": null,
            "iap": [],
            "id": "projects/outfit7-362408/global/backendServices/backend",
            "load_balancing_scheme": "EXTERNAL",
            "locality_lb_policy": "",
            "log_config": [],
            "name": "backend",
            "outlier_detection": [],
            "port_name": "http",
            "project": "outfit7-362408",
            "protocol": "HTTP",
            "security_policy": "",
            "security_settings": [],
            "self_link": "https://www.googleapis.com/compute/v1/projects/outfit7-362408/global/backendServices/backend",
            "session_affinity": "NONE",
            "timeout_sec": 30,
            "timeouts": null
          },
          "sensitive_attributes": [],
          "private": "eyJlMmJmYjczMC1lY2FhLTExZTYtOGY4OC0zNDM2M2JjN2M0YzAiOnsiY3JlYXRlIjoxMjAwMDAwMDAwMDAwLCJkZWxldGUiOjEyMDAwMDAwMDAwMDAsInVwZGF0ZSI6MTIwMDAwMDAwMDAwMH0sInNjaGVtYV92ZXJzaW9uIjoiMSJ9",
          "dependencies": [
            "google_cloud_run_service.service",
            "google_compute_region_network_endpoint_group.neg"
          ]
        }
      ]
    },
    {
      "mode": "managed",
      "type": "google_compute_global_address",
      "name": "ip",
      "provider": "provider[\"registry.terraform.io/hashicorp/google-beta\"]",
      "instances": [
        {
          "schema_version": 0,
          "attributes": {
            "address": "34.98.94.214",
            "address_type": "EXTERNAL",
            "creation_timestamp": "2022-09-13T10:38:38.611-07:00",
            "description": "",
            "id": "projects/outfit7-362408/global/addresses/service-ip",
            "ip_version": "",
            "label_fingerprint": "42WmSpB8rSM=",
            "labels": null,
            "name": "service-ip",
            "network": "",
            "prefix_length": 0,
            "project": "outfit7-362408",
            "purpose": "",
            "self_link": "https://www.googleapis.com/compute/v1/projects/outfit7-362408/global/addresses/service-ip",
            "timeouts": null
          },
          "sensitive_attributes": [],
          "private": "eyJlMmJmYjczMC1lY2FhLTExZTYtOGY4OC0zNDM2M2JjN2M0YzAiOnsiY3JlYXRlIjoxMjAwMDAwMDAwMDAwLCJkZWxldGUiOjEyMDAwMDAwMDAwMDAsInVwZGF0ZSI6MTIwMDAwMDAwMDAwMH19"
        }
      ]
    },
    {
      "mode": "managed",
      "type": "google_compute_global_forwarding_rule",
      "name": "frontend",
      "provider": "provider[\"registry.terraform.io/hashicorp/google-beta\"]",
      "instances": [
        {
          "schema_version": 0,
          "attributes": {
            "description": "",
            "id": "projects/outfit7-362408/global/forwardingRules/frontend",
            "ip_address": "34.98.94.214",
            "ip_protocol": "TCP",
            "ip_version": "",
            "label_fingerprint": "42WmSpB8rSM=",
            "labels": null,
            "load_balancing_scheme": "EXTERNAL",
            "metadata_filters": [],
            "name": "frontend",
            "network": "",
            "port_range": "80",
            "project": "outfit7-362408",
            "self_link": "https://www.googleapis.com/compute/beta/projects/outfit7-362408/global/forwardingRules/frontend",
            "target": "projects/outfit7-362408/global/targetHttpProxies/http-proxy",
            "timeouts": null
          },
          "sensitive_attributes": [],
          "private": "eyJlMmJmYjczMC1lY2FhLTExZTYtOGY4OC0zNDM2M2JjN2M0YzAiOnsiY3JlYXRlIjoxMjAwMDAwMDAwMDAwLCJkZWxldGUiOjEyMDAwMDAwMDAwMDAsInVwZGF0ZSI6MTIwMDAwMDAwMDAwMH19",
          "dependencies": [
            "google_cloud_run_service.service",
            "google_compute_backend_service.backend",
            "google_compute_global_address.ip",
            "google_compute_region_network_endpoint_group.neg",
            "google_compute_target_http_proxy.http_proxy",
            "google_compute_url_map.url_map"
          ]
        }
      ]
    },
    {
      "mode": "managed",
      "type": "google_compute_region_network_endpoint_group",
      "name": "neg",
      "provider": "provider[\"registry.terraform.io/hashicorp/google-beta\"]",
      "instances": [
        {
          "index_key": "asia-south1",
          "schema_version": 0,
          "attributes": {
            "app_engine": [],
            "cloud_function": [],
            "cloud_run": [
              {
                "service": "service-asia-south1",
                "tag": "",
                "url_mask": ""
              }
            ],
            "description": "",
            "id": "projects/outfit7-362408/regions/asia-south1/networkEndpointGroups/neg-asia-south1",
            "name": "neg-asia-south1",
            "network_endpoint_type": "SERVERLESS",
            "project": "outfit7-362408",
            "psc_target_service": "",
            "region": "https://www.googleapis.com/compute/v1/projects/outfit7-362408/regions/asia-south1",
            "self_link": "https://www.googleapis.com/compute/v1/projects/outfit7-362408/regions/asia-south1/networkEndpointGroups/neg-asia-south1",
            "serverless_deployment": [],
            "timeouts": null
          },
          "sensitive_attributes": [],
          "private": "eyJlMmJmYjczMC1lY2FhLTExZTYtOGY4OC0zNDM2M2JjN2M0YzAiOnsiY3JlYXRlIjoxMjAwMDAwMDAwMDAwLCJkZWxldGUiOjEyMDAwMDAwMDAwMDB9fQ==",
          "dependencies": [
            "google_cloud_run_service.service"
          ]
        },
        {
          "index_key": "europe-west4",
          "schema_version": 0,
          "attributes": {
            "app_engine": [],
            "cloud_function": [],
            "cloud_run": [
              {
                "service": "service-europe-west4",
                "tag": "",
                "url_mask": ""
              }
            ],
            "description": "",
            "id": "projects/outfit7-362408/regions/europe-west4/networkEndpointGroups/neg-europe-west4",
            "name": "neg-europe-west4",
            "network_endpoint_type": "SERVERLESS",
            "project": "outfit7-362408",
            "psc_target_service": "",
            "region": "https://www.googleapis.com/compute/v1/projects/outfit7-362408/regions/europe-west4",
            "self_link": "https://www.googleapis.com/compute/v1/projects/outfit7-362408/regions/europe-west4/networkEndpointGroups/neg-europe-west4",
            "serverless_deployment": [],
            "timeouts": null
          },
          "sensitive_attributes": [],
          "private": "eyJlMmJmYjczMC1lY2FhLTExZTYtOGY4OC0zNDM2M2JjN2M0YzAiOnsiY3JlYXRlIjoxMjAwMDAwMDAwMDAwLCJkZWxldGUiOjEyMDAwMDAwMDAwMDB9fQ==",
          "dependencies": [
            "google_cloud_run_service.service"
          ]
        },
        {
          "index_key": "us-west2",
          "schema_version": 0,
          "attributes": {
            "app_engine": [],
            "cloud_function": [],
            "cloud_run": [
              {
                "service": "service-us-west2",
                "tag": "",
                "url_mask": ""
              }
            ],
            "description": "",
            "id": "projects/outfit7-362408/regions/us-west2/networkEndpointGroups/neg-us-west2",
            "name": "neg-us-west2",
            "network_endpoint_type": "SERVERLESS",
            "project": "outfit7-362408",
            "psc_target_service": "",
            "region": "https://www.googleapis.com/compute/v1/projects/outfit7-362408/regions/us-west2",
            "self_link": "https://www.googleapis.com/compute/v1/projects/outfit7-362408/regions/us-west2/networkEndpointGroups/neg-us-west2",
            "serverless_deployment": [],
            "timeouts": null
          },
          "sensitive_attributes": [],
          "private": "eyJlMmJmYjczMC1lY2FhLTExZTYtOGY4OC0zNDM2M2JjN2M0YzAiOnsiY3JlYXRlIjoxMjAwMDAwMDAwMDAwLCJkZWxldGUiOjEyMDAwMDAwMDAwMDB9fQ==",
          "dependencies": [
            "google_cloud_run_service.service"
          ]
        }
      ]
    },
    {
      "mode": "managed",
      "type": "google_compute_target_http_proxy",
      "name": "http_proxy",
      "provider": "provider[\"registry.terraform.io/hashicorp/google-beta\"]",
      "instances": [
        {
          "schema_version": 0,
          "attributes": {
            "creation_timestamp": "2022-09-13T10:39:56.417-07:00",
            "description": "",
            "id": "projects/outfit7-362408/global/targetHttpProxies/http-proxy",
            "name": "http-proxy",
            "project": "outfit7-362408",
            "proxy_bind": false,
            "proxy_id": -1114800509,
            "self_link": "https://www.googleapis.com/compute/v1/projects/outfit7-362408/global/targetHttpProxies/http-proxy",
            "timeouts": null,
            "url_map": "https://www.googleapis.com/compute/v1/projects/outfit7-362408/global/urlMaps/url-map"
          },
          "sensitive_attributes": [],
          "private": "eyJlMmJmYjczMC1lY2FhLTExZTYtOGY4OC0zNDM2M2JjN2M0YzAiOnsiY3JlYXRlIjoxMjAwMDAwMDAwMDAwLCJkZWxldGUiOjEyMDAwMDAwMDAwMDAsInVwZGF0ZSI6MTIwMDAwMDAwMDAwMH19",
          "dependencies": [
            "google_cloud_run_service.service",
            "google_compute_backend_service.backend",
            "google_compute_region_network_endpoint_group.neg",
            "google_compute_url_map.url_map"
          ]
        }
      ]
    },
    {
      "mode": "managed",
      "type": "google_compute_url_map",
      "name": "url_map",
      "provider": "provider[\"registry.terraform.io/hashicorp/google-beta\"]",
      "instances": [
        {
          "schema_version": 0,
          "attributes": {
            "creation_timestamp": "2022-09-13T10:39:44.122-07:00",
            "default_route_action": [],
            "default_service": "https://www.googleapis.com/compute/v1/projects/outfit7-362408/global/backendServices/backend",
            "default_url_redirect": [],
            "description": "",
            "fingerprint": "KrD6hpYLPcM=",
            "header_action": [],
            "host_rule": [],
            "id": "projects/outfit7-362408/global/urlMaps/url-map",
            "map_id": -1114800497,
            "name": "url-map",
            "path_matcher": [],
            "project": "outfit7-362408",
            "self_link": "https://www.googleapis.com/compute/v1/projects/outfit7-362408/global/urlMaps/url-map",
            "test": [],
            "timeouts": null
          },
          "sensitive_attributes": [],
          "private": "eyJlMmJmYjczMC1lY2FhLTExZTYtOGY4OC0zNDM2M2JjN2M0YzAiOnsiY3JlYXRlIjoxMjAwMDAwMDAwMDAwLCJkZWxldGUiOjEyMDAwMDAwMDAwMDAsInVwZGF0ZSI6MTIwMDAwMDAwMDAwMH19",
          "dependencies": [
            "google_cloud_run_service.service",
            "google_compute_backend_service.backend",
            "google_compute_region_network_endpoint_group.neg"
          ]
        }
      ]
    }
  ]
}
